dependencies:
- name: common
  repository: file://../../common
  version: 1.0.0
- name: config-server
  repository: file://../../components/config-server
  version: 1.0.0
- name: gateway
  repository: file://../../components/gateway
  version: 1.0.0
- name: product
  repository: file://../../components/product
  version: 1.0.0
- name: recommendation
  repository: file://../../components/recommendation
  version: 1.0.0
- name: review
  repository: file://../../components/review
  version: 1.0.0
- name: product-composite
  repository: file://../../components/product-composite
  version: 1.0.0
- name: zipkin-server
  repository: file://../../components/zipkin-server
  version: 1.0.0
digest: sha256:60f68985c3e5a5d8628302203d74af13c6c7e2a67b940b6a7fd7ea449e14943b
generated: "2026-06-02T19:44:45.3740512+05:30"
